<Solution>
  <Project Path="ApiRestaurante2.Tests/ApiRestaurante2.Tests.csproj" Id="1af04871-a833-485f-8b55-5e15c55d72d7" />
  <Project Path="ApiRestaurante2/ApiRestaurante2.csproj" />
  <Project Path="Datos/Datos.csproj" />
  <Project Path="Entidades/Entidades.csproj" />
  <Project Path="Negocio/Negocio.csproj" />
</Solution>
